
Microsoft Visual Studio Solution File, Format Version 12.00
# Visual Studio Version 16
VisualStudioVersion = 16.0.31727.386
MinimumVisualStudioVersion = 10.0.40219.1
Project("{8BC9CEB8-8B4A-11D0-8D11-00A0C91BC942}") = "JLB", "JLB\JLB.vcxproj", "{5E4BAAD2-38AC-4C2F-8397-B484865D6B05}"
EndProject
Global
	GlobalSection(SolutionConfigurationPlatforms) = preSolution
		Debug|x64 = Debug|x64
		Debug|x86 = Debug|x86
		Release|x64 = Release|x64
		Release|x86 = Release|x86
	EndGlobalSection
	GlobalSection(ProjectConfigurationPlatforms) = postSolution
		{5E4BAAD2-38AC-4C2F-8397-B484865D6B05}.Debug|x64.ActiveCfg = Debug|x64
		{5E4BAAD2-38AC-4C2F-8397-B484865D6B05}.Debug|x64.Build.0 = Debug|x64
		{5E4BAAD2-38AC-4C2F-8397-B484865D6B05}.Debug|x86.ActiveCfg = Debug|Win32
		{5E4BAAD2-38AC-4C2F-8397-B484865D6B05}.Debug|x86.Build.0 = Debug|Win32
		{5E4BAAD2-38AC-4C2F-8397-B484865D6B05}.Release|x64.ActiveCfg = Release|x64
		{5E4BAAD2-38AC-4C2F-8397-B484865D6B05}.Release|x64.Build.0 = Release|x64
		{5E4BAAD2-38AC-4C2F-8397-B484865D6B05}.Release|x86.ActiveCfg = Release|Win32
		{5E4BAAD2-38AC-4C2F-8397-B484865D6B05}.Release|x86.Build.0 = Release|Win32
	EndGlobalSection
	GlobalSection(SolutionProperties) = preSolution
		HideSolutionNode = FALSE
	EndGlobalSection
	GlobalSection(ExtensibilityGlobals) = postSolution
		SolutionGuid = {10E9FE8A-2084-4065-869B-BB4C814FAE6F}
	EndGlobalSection
EndGlobal
